
Microsoft Visual Studio Solution File, Format Version 12.00
# Visual Studio Version 16
VisualStudioVersion = 16.0.29613.14
MinimumVisualStudioVersion = 10.0.40219.1
Project("{2150E333-8FDC-42A3-9474-1A3956D46DE8}") = "Presentation", "Presentation", "{48AC83AE-E49D-41FA-A328-5066C4F74AAE}"
EndProject
Project("{2150E333-8FDC-42A3-9474-1A3956D46DE8}") = "Business", "Business", "{D8C86C98-B7E8-4B68-B9A1-7F8819D69C3C}"
EndProject
Project("{2150E333-8FDC-42A3-9474-1A3956D46DE8}") = "Data", "Data", "{B9A17F3A-E096-4A84-A40E-8D728A0D7B25}"
EndProject
Project("{2150E333-8FDC-42A3-9474-1A3956D46DE8}") = "Shared", "Shared", "{022C10A3-EDF2-4A56-97AD-7B1BEB394A01}"
EndProject
Project("{FAE04EC0-301F-11D3-BF4B-00C04F79EFBC}") = "VAA.BusinessComponents", "Business\VAA.BusinessComponents\VAA.BusinessComponents.csproj", "{3E89386B-8505-4050-83DD-0A575FC77721}"
	ProjectSection(ProjectDependencies) = postProject
		{7EE5BE7B-5A0B-4424-AE9B-8C8145C64133} = {7EE5BE7B-5A0B-4424-AE9B-8C8145C64133}
		{747C097D-8660-47FE-935F-AF4E0F3518B3} = {747C097D-8660-47FE-935F-AF4E0F3518B3}
	EndProjectSection
EndProject
Project("{FAE04EC0-301F-11D3-BF4B-00C04F79EFBC}") = "VAA.DataAccess", "Data\VAA.DataAccess\VAA.DataAccess.csproj", "{747C097D-8660-47FE-935F-AF4E0F3518B3}"
	ProjectSection(ProjectDependencies) = postProject
		{7EE5BE7B-5A0B-4424-AE9B-8C8145C64133} = {7EE5BE7B-5A0B-4424-AE9B-8C8145C64133}
		{A22418FC-FAD0-445A-93B3-6B76E9B20D1A} = {A22418FC-FAD0-445A-93B3-6B76E9B20D1A}
	EndProjectSection
EndProject
Project("{FAE04EC0-301F-11D3-BF4B-00C04F79EFBC}") = "VAA.Entities", "Shared\VAA.Entities\VAA.Entities.csproj", "{7EE5BE7B-5A0B-4424-AE9B-8C8145C64133}"
EndProject
Project("{FAE04EC0-301F-11D3-BF4B-00C04F79EFBC}") = "VAA.CommonComponents", "Shared\VAA.CommonComponents\VAA.CommonComponents.csproj", "{A22418FC-FAD0-445A-93B3-6B76E9B20D1A}"
EndProject
Project("{FAE04EC0-301F-11D3-BF4B-00C04F79EFBC}") = "VAA.SpreadsheetReaderLibrary", "Shared\SpreadsheetReaderLibrary\VAA.SpreadsheetReaderLibrary.csproj", "{8DA411F9-662F-43CD-8FAA-10F79C532EA7}"
EndProject
Project("{FAE04EC0-301F-11D3-BF4B-00C04F79EFBC}") = "OutputSpreadsheetWriterLibrary", "Shared\OutputSpreadsheetWriterLibrary\OutputSpreadsheetWriterLibrary.csproj", "{673586D5-2F0C-4229-9E52-234884E84DF7}"
EndProject
Project("{FAE04EC0-301F-11D3-BF4B-00C04F79EFBC}") = "PDFProcessingVAA", "PackingTicketGenerator\PDFProcessingVAA.csproj", "{0D4F0351-40C7-4FBF-BB77-79382F83A9AE}"
EndProject
Global
	GlobalSection(SolutionConfigurationPlatforms) = preSolution
		Debug|Any CPU = Debug|Any CPU
		Debug|x64 = Debug|x64
		Release|Any CPU = Release|Any CPU
		Release|x64 = Release|x64
	EndGlobalSection
	GlobalSection(ProjectConfigurationPlatforms) = postSolution
		{3E89386B-8505-4050-83DD-0A575FC77721}.Debug|Any CPU.ActiveCfg = Debug|Any CPU
		{3E89386B-8505-4050-83DD-0A575FC77721}.Debug|Any CPU.Build.0 = Debug|Any CPU
		{3E89386B-8505-4050-83DD-0A575FC77721}.Debug|x64.ActiveCfg = Debug|x64
		{3E89386B-8505-4050-83DD-0A575FC77721}.Debug|x64.Build.0 = Debug|x64
		{3E89386B-8505-4050-83DD-0A575FC77721}.Release|Any CPU.ActiveCfg = Release|Any CPU
		{3E89386B-8505-4050-83DD-0A575FC77721}.Release|Any CPU.Build.0 = Release|Any CPU
		{3E89386B-8505-4050-83DD-0A575FC77721}.Release|x64.ActiveCfg = Release|x64
		{3E89386B-8505-4050-83DD-0A575FC77721}.Release|x64.Build.0 = Release|x64
		{747C097D-8660-47FE-935F-AF4E0F3518B3}.Debug|Any CPU.ActiveCfg = Debug|Any CPU
		{747C097D-8660-47FE-935F-AF4E0F3518B3}.Debug|Any CPU.Build.0 = Debug|Any CPU
		{747C097D-8660-47FE-935F-AF4E0F3518B3}.Debug|x64.ActiveCfg = Debug|x64
		{747C097D-8660-47FE-935F-AF4E0F3518B3}.Debug|x64.Build.0 = Debug|x64
		{747C097D-8660-47FE-935F-AF4E0F3518B3}.Release|Any CPU.ActiveCfg = Release|Any CPU
		{747C097D-8660-47FE-935F-AF4E0F3518B3}.Release|Any CPU.Build.0 = Release|Any CPU
		{747C097D-8660-47FE-935F-AF4E0F3518B3}.Release|x64.ActiveCfg = Release|x64
		{747C097D-8660-47FE-935F-AF4E0F3518B3}.Release|x64.Build.0 = Release|x64
		{7EE5BE7B-5A0B-4424-AE9B-8C8145C64133}.Debug|Any CPU.ActiveCfg = Debug|Any CPU
		{7EE5BE7B-5A0B-4424-AE9B-8C8145C64133}.Debug|Any CPU.Build.0 = Debug|Any CPU
		{7EE5BE7B-5A0B-4424-AE9B-8C8145C64133}.Debug|x64.ActiveCfg = Debug|x64
		{7EE5BE7B-5A0B-4424-AE9B-8C8145C64133}.Debug|x64.Build.0 = Debug|x64
		{7EE5BE7B-5A0B-4424-AE9B-8C8145C64133}.Release|Any CPU.ActiveCfg = Release|Any CPU
		{7EE5BE7B-5A0B-4424-AE9B-8C8145C64133}.Release|Any CPU.Build.0 = Release|Any CPU
		{7EE5BE7B-5A0B-4424-AE9B-8C8145C64133}.Release|x64.ActiveCfg = Release|x64
		{7EE5BE7B-5A0B-4424-AE9B-8C8145C64133}.Release|x64.Build.0 = Release|x64
		{A22418FC-FAD0-445A-93B3-6B76E9B20D1A}.Debug|Any CPU.ActiveCfg = Debug|Any CPU
		{A22418FC-FAD0-445A-93B3-6B76E9B20D1A}.Debug|Any CPU.Build.0 = Debug|Any CPU
		{A22418FC-FAD0-445A-93B3-6B76E9B20D1A}.Debug|x64.ActiveCfg = Debug|x64
		{A22418FC-FAD0-445A-93B3-6B76E9B20D1A}.Debug|x64.Build.0 = Debug|x64
		{A22418FC-FAD0-445A-93B3-6B76E9B20D1A}.Release|Any CPU.ActiveCfg = Release|Any CPU
		{A22418FC-FAD0-445A-93B3-6B76E9B20D1A}.Release|Any CPU.Build.0 = Release|Any CPU
		{A22418FC-FAD0-445A-93B3-6B76E9B20D1A}.Release|x64.ActiveCfg = Release|x64
		{A22418FC-FAD0-445A-93B3-6B76E9B20D1A}.Release|x64.Build.0 = Release|x64
		{8DA411F9-662F-43CD-8FAA-10F79C532EA7}.Debug|Any CPU.ActiveCfg = Debug|Any CPU
		{8DA411F9-662F-43CD-8FAA-10F79C532EA7}.Debug|Any CPU.Build.0 = Debug|Any CPU
		{8DA411F9-662F-43CD-8FAA-10F79C532EA7}.Debug|x64.ActiveCfg = Debug|x64
		{8DA411F9-662F-43CD-8FAA-10F79C532EA7}.Debug|x64.Build.0 = Debug|x64
		{8DA411F9-662F-43CD-8FAA-10F79C532EA7}.Release|Any CPU.ActiveCfg = Release|Any CPU
		{8DA411F9-662F-43CD-8FAA-10F79C532EA7}.Release|Any CPU.Build.0 = Release|Any CPU
		{8DA411F9-662F-43CD-8FAA-10F79C532EA7}.Release|x64.ActiveCfg = Release|x64
		{8DA411F9-662F-43CD-8FAA-10F79C532EA7}.Release|x64.Build.0 = Release|x64
		{673586D5-2F0C-4229-9E52-234884E84DF7}.Debug|Any CPU.ActiveCfg = Debug|Any CPU
		{673586D5-2F0C-4229-9E52-234884E84DF7}.Debug|Any CPU.Build.0 = Debug|Any CPU
		{673586D5-2F0C-4229-9E52-234884E84DF7}.Debug|x64.ActiveCfg = Debug|x64
		{673586D5-2F0C-4229-9E52-234884E84DF7}.Debug|x64.Build.0 = Debug|x64
		{673586D5-2F0C-4229-9E52-234884E84DF7}.Release|Any CPU.ActiveCfg = Release|Any CPU
		{673586D5-2F0C-4229-9E52-234884E84DF7}.Release|Any CPU.Build.0 = Release|Any CPU
		{673586D5-2F0C-4229-9E52-234884E84DF7}.Release|x64.ActiveCfg = Release|x64
		{673586D5-2F0C-4229-9E52-234884E84DF7}.Release|x64.Build.0 = Release|x64
		{0D4F0351-40C7-4FBF-BB77-79382F83A9AE}.Debug|Any CPU.ActiveCfg = Debug|Any CPU
		{0D4F0351-40C7-4FBF-BB77-79382F83A9AE}.Debug|Any CPU.Build.0 = Debug|Any CPU
		{0D4F0351-40C7-4FBF-BB77-79382F83A9AE}.Debug|x64.ActiveCfg = Debug|x64
		{0D4F0351-40C7-4FBF-BB77-79382F83A9AE}.Debug|x64.Build.0 = Debug|x64
		{0D4F0351-40C7-4FBF-BB77-79382F83A9AE}.Release|Any CPU.ActiveCfg = Release|Any CPU
		{0D4F0351-40C7-4FBF-BB77-79382F83A9AE}.Release|Any CPU.Build.0 = Release|Any CPU
		{0D4F0351-40C7-4FBF-BB77-79382F83A9AE}.Release|x64.ActiveCfg = Release|x64
		{0D4F0351-40C7-4FBF-BB77-79382F83A9AE}.Release|x64.Build.0 = Release|x64
	EndGlobalSection
	GlobalSection(SolutionProperties) = preSolution
		HideSolutionNode = FALSE
	EndGlobalSection
	GlobalSection(NestedProjects) = preSolution
		{3E89386B-8505-4050-83DD-0A575FC77721} = {D8C86C98-B7E8-4B68-B9A1-7F8819D69C3C}
		{747C097D-8660-47FE-935F-AF4E0F3518B3} = {B9A17F3A-E096-4A84-A40E-8D728A0D7B25}
		{7EE5BE7B-5A0B-4424-AE9B-8C8145C64133} = {022C10A3-EDF2-4A56-97AD-7B1BEB394A01}
		{A22418FC-FAD0-445A-93B3-6B76E9B20D1A} = {022C10A3-EDF2-4A56-97AD-7B1BEB394A01}
		{8DA411F9-662F-43CD-8FAA-10F79C532EA7} = {022C10A3-EDF2-4A56-97AD-7B1BEB394A01}
		{673586D5-2F0C-4229-9E52-234884E84DF7} = {022C10A3-EDF2-4A56-97AD-7B1BEB394A01}
		{0D4F0351-40C7-4FBF-BB77-79382F83A9AE} = {48AC83AE-E49D-41FA-A328-5066C4F74AAE}
	EndGlobalSection
	GlobalSection(ExtensibilityGlobals) = postSolution
		SolutionGuid = {E2832D38-8422-4700-9B0A-385911552170}
	EndGlobalSection
EndGlobal
